
Microsoft Visual Studio Solution File, Format Version 12.00
# Visual Studio Version 16
VisualStudioVersion = 16.0.30204.135
MinimumVisualStudioVersion = 10.0.40219.1
Project("{FAE04EC0-301F-11D3-BF4B-00C04F79EFBC}") = "WebApplication1", "WebApplication1\WebApplication1.csproj", "{03A5B441-4B6D-41BC-8AB8-2B28957FCD17}"
EndProject
Global
	GlobalSection(SolutionConfigurationPlatforms) = preSolution
		Debug|Any CPU = Debug|Any CPU
		Release|Any CPU = Release|Any CPU
	EndGlobalSection
	GlobalSection(ProjectConfigurationPlatforms) = postSolution
		{03A5B441-4B6D-41BC-8AB8-2B28957FCD17}.Debug|Any CPU.ActiveCfg = Debug|Any CPU
		{03A5B441-4B6D-41BC-8AB8-2B28957FCD17}.Debug|Any CPU.Build.0 = Debug|Any CPU
		{03A5B441-4B6D-41BC-8AB8-2B28957FCD17}.Release|Any CPU.ActiveCfg = Release|Any CPU
		{03A5B441-4B6D-41BC-8AB8-2B28957FCD17}.Release|Any CPU.Build.0 = Release|Any CPU
	EndGlobalSection
	GlobalSection(SolutionProperties) = preSolution
		HideSolutionNode = FALSE
	EndGlobalSection
	GlobalSection(ExtensibilityGlobals) = postSolution
		SolutionGuid = {1A89E946-7294-4295-AEA0-833B7A96112E}
	EndGlobalSection
EndGlobal
